
Microsoft Visual Studio Solution File, Format Version 12.00
# Visual Studio Version 16
VisualStudioVersion = 16.0.30709.132
MinimumVisualStudioVersion = 10.0.40219.1
Project("{8BC9CEB8-8B4A-11D0-8D11-00A0C91BC942}") = "Lab test cgi 2", "Lab test cgi 2\Lab test cgi 2.vcxproj", "{CDE15AFB-5C32-42F3-9482-503A6CAC57EA}"
EndProject
Global
	GlobalSection(SolutionConfigurationPlatforms) = preSolution
		Debug|x64 = Debug|x64
		Debug|x86 = Debug|x86
		Release|x64 = Release|x64
		Release|x86 = Release|x86
	EndGlobalSection
	GlobalSection(ProjectConfigurationPlatforms) = postSolution
		{CDE15AFB-5C32-42F3-9482-503A6CAC57EA}.Debug|x64.ActiveCfg = Debug|x64
		{CDE15AFB-5C32-42F3-9482-503A6CAC57EA}.Debug|x64.Build.0 = Debug|x64
		{CDE15AFB-5C32-42F3-9482-503A6CAC57EA}.Debug|x86.ActiveCfg = Debug|Win32
		{CDE15AFB-5C32-42F3-9482-503A6CAC57EA}.Debug|x86.Build.0 = Debug|Win32
		{CDE15AFB-5C32-42F3-9482-503A6CAC57EA}.Release|x64.ActiveCfg = Release|x64
		{CDE15AFB-5C32-42F3-9482-503A6CAC57EA}.Release|x64.Build.0 = Release|x64
		{CDE15AFB-5C32-42F3-9482-503A6CAC57EA}.Release|x86.ActiveCfg = Release|Win32
		{CDE15AFB-5C32-42F3-9482-503A6CAC57EA}.Release|x86.Build.0 = Release|Win32
	EndGlobalSection
	GlobalSection(SolutionProperties) = preSolution
		HideSolutionNode = FALSE
	EndGlobalSection
	GlobalSection(ExtensibilityGlobals) = postSolution
		SolutionGuid = {4E31C1EF-CBC4-470C-A989-9057CE62513E}
	EndGlobalSection
EndGlobal
